<?xml version="1.0" encoding="utf-8"?>
<Project ToolsVersion="4.0" xmlns="http://schemas.microsoft.com/developer/msbuild/2003">
  <ItemGroup>
    <ClCompile Include="main.cpp" />
    <ClCompile Include="src\graphics\window.cpp">
      <Filter>src\graphics</Filter>
    </ClCompile>
    <ClCompile Include="src\maths\vec2.cpp">
      <Filter>src\maths</Filter>
    </ClCompile>
    <ClCompile Include="src\maths\vec3.cpp">
      <Filter>src\maths</Filter>
    </ClCompile>
    <ClCompile Include="src\maths\vec4.cpp">
      <Filter>src\maths</Filter>
    </ClCompile>
    <ClCompile Include="src\maths\mat4.cpp" />
    <ClCompile Include="src\graphics\shader.cpp" />
    <ClCompile Include="src\utils\fileutil.cpp" />
    <ClCompile Include="src\graphics\buffers\buffer.cpp" />
    <ClCompile Include="src\graphics\buffers\indexbuffer.cpp" />
    <ClCompile Include="src\graphics\buffers\vertexarray.cpp" />
    <ClCompile Include="src\graphics\renderable2d.cpp" />
    <ClCompile Include="src\graphics\renderer2d.cpp" />
    <ClCompile Include="src\graphics\simple2drenderer.cpp" />
    <ClCompile Include="src\graphics\bathrenderer2d.cpp" />
    <ClCompile Include="src\graphics\sprite.cpp" />
    <ClCompile Include="src\graphics\staticsprite.cpp" />
    <ClCompile Include="src\graphics\layers\layer.cpp" />
    <ClCompile Include="src\graphics\layers\tilelayer.cpp" />
  </ItemGroup>
  <ItemGroup>
    <Filter Include="src">
      <UniqueIdentifier>{d1250882-b135-427d-82dc-205e76026d8a}</UniqueIdentifier>
    </Filter>
    <Filter Include="src\graphics">
      <UniqueIdentifier>{ce7f9304-3175-4dd5-8e07-23c9293664a9}</UniqueIdentifier>
    </Filter>
    <Filter Include="src\input">
      <UniqueIdentifier>{bb22b271-11f4-4ae5-ad6e-b0e26e5da835}</UniqueIdentifier>
    </Filter>
    <Filter Include="src\maths">
      <UniqueIdentifier>{f4bc8895-c2c1-4f11-a27f-185addecbff6}</UniqueIdentifier>
    </Filter>
  </ItemGroup>
  <ItemGroup>
    <ClInclude Include="src\graphics\window.h">
      <Filter>src\graphics</Filter>
    </ClInclude>
    <ClInclude Include="src\maths\vec2.h">
      <Filter>src\maths</Filter>
    </ClInclude>
    <ClInclude Include="src\maths\vec3.h">
      <Filter>src\maths</Filter>
    </ClInclude>
    <ClInclude Include="src\maths\vec4.h">
      <Filter>src\maths</Filter>
    </ClInclude>
    <ClInclude Include="src\maths\maths.h" />
    <ClInclude Include="src\maths\mat4.h" />
    <ClInclude Include="src\graphics\shader.h" />
    <ClInclude Include="src\utils\fileutil.h" />
    <ClInclude Include="src\graphics\buffers\buffer.h" />
    <ClInclude Include="src\graphics\buffers\indexbuffer.h" />
    <ClInclude Include="src\graphics\buffers\vertexarray.h" />
    <ClInclude Include="src\graphics\renderable2d.h" />
    <ClInclude Include="src\graphics\renderer2d.h" />
    <ClInclude Include="src\graphics\simple2drenderer.h" />
    <ClInclude Include="src\graphics\bathrenderer2d.h" />
    <ClInclude Include="src\graphics\staticsprite.h" />
    <ClInclude Include="src\graphics\sprite.h" />
    <ClInclude Include="src\graphics\layers\layer.h" />
    <ClInclude Include="src\graphics\layers\tilelayer.h" />
    <ClInclude Include="src\utils\Timer.h" />
  </ItemGroup>
  <ItemGroup>
    <None Include="src\shaders\basic.vert" />
    <None Include="src\shaders\basic.frag" />
  </ItemGroup>
</Project>